
Microsoft Visual Studio Solution File, Format Version 12.00
# Visual Studio Version 17
VisualStudioVersion = 17.3.32922.545
MinimumVisualStudioVersion = 10.0.40219.1
Project("{9A19103F-16F7-4668-BE54-9A1E7A4F7556}") = "Stalvin.Server", "Stalvin\Server\Stalvin.Server.csproj", "{268DE714-1B65-4A38-B64C-EBDE00869843}"
EndProject
Project("{9A19103F-16F7-4668-BE54-9A1E7A4F7556}") = "Stalvin.Client", "Stalvin\Client\Stalvin.Client.csproj", "{B25346B0-3827-4F28-979F-C9478FDF6ABA}"
EndProject
Project("{9A19103F-16F7-4668-BE54-9A1E7A4F7556}") = "Stalvin.Shared", "Stalvin\Shared\Stalvin.Shared.csproj", "{5609888E-7074-42F5-9166-F2773D9C9BA6}"
EndProject
Global
	GlobalSection(SolutionConfigurationPlatforms) = preSolution
		Debug|Any CPU = Debug|Any CPU
		Release|Any CPU = Release|Any CPU
	EndGlobalSection
	GlobalSection(ProjectConfigurationPlatforms) = postSolution
		{268DE714-1B65-4A38-B64C-EBDE00869843}.Debug|Any CPU.ActiveCfg = Debug|Any CPU
		{268DE714-1B65-4A38-B64C-EBDE00869843}.Debug|Any CPU.Build.0 = Debug|Any CPU
		{268DE714-1B65-4A38-B64C-EBDE00869843}.Release|Any CPU.ActiveCfg = Release|Any CPU
		{268DE714-1B65-4A38-B64C-EBDE00869843}.Release|Any CPU.Build.0 = Release|Any CPU
		{B25346B0-3827-4F28-979F-C9478FDF6ABA}.Debug|Any CPU.ActiveCfg = Debug|Any CPU
		{B25346B0-3827-4F28-979F-C9478FDF6ABA}.Debug|Any CPU.Build.0 = Debug|Any CPU
		{B25346B0-3827-4F28-979F-C9478FDF6ABA}.Release|Any CPU.ActiveCfg = Release|Any CPU
		{B25346B0-3827-4F28-979F-C9478FDF6ABA}.Release|Any CPU.Build.0 = Release|Any CPU
		{5609888E-7074-42F5-9166-F2773D9C9BA6}.Debug|Any CPU.ActiveCfg = Debug|Any CPU
		{5609888E-7074-42F5-9166-F2773D9C9BA6}.Debug|Any CPU.Build.0 = Debug|Any CPU
		{5609888E-7074-42F5-9166-F2773D9C9BA6}.Release|Any CPU.ActiveCfg = Release|Any CPU
		{5609888E-7074-42F5-9166-F2773D9C9BA6}.Release|Any CPU.Build.0 = Release|Any CPU
	EndGlobalSection
	GlobalSection(SolutionProperties) = preSolution
		HideSolutionNode = FALSE
	EndGlobalSection
	GlobalSection(ExtensibilityGlobals) = postSolution
		SolutionGuid = {F68745D2-62B1-45C5-BC4A-235181966506}
	EndGlobalSection
EndGlobal
